
Microsoft Visual Studio Solution File, Format Version 12.00
# Visual Studio Version 16
VisualStudioVersion = 16.0.29709.97
MinimumVisualStudioVersion = 10.0.40219.1
Project("{FAE04EC0-301F-11D3-BF4B-00C04F79EFBC}") = "Queue", "Queue\Queue.csproj", "{204D5866-896B-4333-9A52-B650931C9D53}"
EndProject
Global
	GlobalSection(SolutionConfigurationPlatforms) = preSolution
		Debug|Any CPU = Debug|Any CPU
		Release|Any CPU = Release|Any CPU
	EndGlobalSection
	GlobalSection(ProjectConfigurationPlatforms) = postSolution
		{204D5866-896B-4333-9A52-B650931C9D53}.Debug|Any CPU.ActiveCfg = Debug|Any CPU
		{204D5866-896B-4333-9A52-B650931C9D53}.Debug|Any CPU.Build.0 = Debug|Any CPU
		{204D5866-896B-4333-9A52-B650931C9D53}.Release|Any CPU.ActiveCfg = Release|Any CPU
		{204D5866-896B-4333-9A52-B650931C9D53}.Release|Any CPU.Build.0 = Release|Any CPU
	EndGlobalSection
	GlobalSection(SolutionProperties) = preSolution
		HideSolutionNode = FALSE
	EndGlobalSection
	GlobalSection(ExtensibilityGlobals) = postSolution
		SolutionGuid = {18AFF467-768D-4548-BAF0-9096A823DA0C}
	EndGlobalSection
EndGlobal
