
Microsoft Visual Studio Solution File, Format Version 12.00
# Visual Studio Version 16
VisualStudioVersion = 16.0.29709.97
MinimumVisualStudioVersion = 10.0.40219.1
Project("{FAE04EC0-301F-11D3-BF4B-00C04F79EFBC}") = "IComparableIComparerSortCasting", "IComparableIComparerSortCasting\IComparableIComparerSortCasting.csproj", "{2CC71409-193B-4274-B382-A66080BA1EBF}"
EndProject
Global
	GlobalSection(SolutionConfigurationPlatforms) = preSolution
		Debug|Any CPU = Debug|Any CPU
		Release|Any CPU = Release|Any CPU
	EndGlobalSection
	GlobalSection(ProjectConfigurationPlatforms) = postSolution
		{2CC71409-193B-4274-B382-A66080BA1EBF}.Debug|Any CPU.ActiveCfg = Debug|Any CPU
		{2CC71409-193B-4274-B382-A66080BA1EBF}.Debug|Any CPU.Build.0 = Debug|Any CPU
		{2CC71409-193B-4274-B382-A66080BA1EBF}.Release|Any CPU.ActiveCfg = Release|Any CPU
		{2CC71409-193B-4274-B382-A66080BA1EBF}.Release|Any CPU.Build.0 = Release|Any CPU
	EndGlobalSection
	GlobalSection(SolutionProperties) = preSolution
		HideSolutionNode = FALSE
	EndGlobalSection
	GlobalSection(ExtensibilityGlobals) = postSolution
		SolutionGuid = {FF0CDA1F-288B-4237-90AF-4237E8846966}
	EndGlobalSection
EndGlobal
