
Microsoft Visual Studio Solution File, Format Version 12.00
# Visual Studio Version 16
VisualStudioVersion = 16.0.29709.97
MinimumVisualStudioVersion = 10.0.40219.1
Project("{FAE04EC0-301F-11D3-BF4B-00C04F79EFBC}") = "Lambda", "Lambda\Lambda.csproj", "{3C14D393-4EFE-4EFC-B078-89C570CFA271}"
EndProject
Project("{FAE04EC0-301F-11D3-BF4B-00C04F79EFBC}") = "AnonymousMethods", "AnonymousMethods\AnonymousMethods.csproj", "{D0230EC5-15B6-4778-8345-6B101C9B96DF}"
EndProject
Global
	GlobalSection(SolutionConfigurationPlatforms) = preSolution
		Debug|Any CPU = Debug|Any CPU
		Release|Any CPU = Release|Any CPU
	EndGlobalSection
	GlobalSection(ProjectConfigurationPlatforms) = postSolution
		{3C14D393-4EFE-4EFC-B078-89C570CFA271}.Debug|Any CPU.ActiveCfg = Debug|Any CPU
		{3C14D393-4EFE-4EFC-B078-89C570CFA271}.Debug|Any CPU.Build.0 = Debug|Any CPU
		{3C14D393-4EFE-4EFC-B078-89C570CFA271}.Release|Any CPU.ActiveCfg = Release|Any CPU
		{3C14D393-4EFE-4EFC-B078-89C570CFA271}.Release|Any CPU.Build.0 = Release|Any CPU
		{D0230EC5-15B6-4778-8345-6B101C9B96DF}.Debug|Any CPU.ActiveCfg = Debug|Any CPU
		{D0230EC5-15B6-4778-8345-6B101C9B96DF}.Debug|Any CPU.Build.0 = Debug|Any CPU
		{D0230EC5-15B6-4778-8345-6B101C9B96DF}.Release|Any CPU.ActiveCfg = Release|Any CPU
		{D0230EC5-15B6-4778-8345-6B101C9B96DF}.Release|Any CPU.Build.0 = Release|Any CPU
	EndGlobalSection
	GlobalSection(SolutionProperties) = preSolution
		HideSolutionNode = FALSE
	EndGlobalSection
	GlobalSection(ExtensibilityGlobals) = postSolution
		SolutionGuid = {FADDC896-3776-4BCC-9786-F461C3EEF47F}
	EndGlobalSection
EndGlobal
