
Microsoft Visual Studio Solution File, Format Version 12.00
# Visual Studio Version 16
VisualStudioVersion = 16.0.29709.97
MinimumVisualStudioVersion = 10.0.40219.1
Project("{FAE04EC0-301F-11D3-BF4B-00C04F79EFBC}") = "IHttpActionResultAndResponseType", "IHttpActionResultAndResponseType\IHttpActionResultAndResponseType.csproj", "{72B801E1-E1BC-415E-B4D3-ED952E291AD5}"
EndProject
Global
	GlobalSection(SolutionConfigurationPlatforms) = preSolution
		Debug|Any CPU = Debug|Any CPU
		Release|Any CPU = Release|Any CPU
	EndGlobalSection
	GlobalSection(ProjectConfigurationPlatforms) = postSolution
		{72B801E1-E1BC-415E-B4D3-ED952E291AD5}.Debug|Any CPU.ActiveCfg = Debug|Any CPU
		{72B801E1-E1BC-415E-B4D3-ED952E291AD5}.Debug|Any CPU.Build.0 = Debug|Any CPU
		{72B801E1-E1BC-415E-B4D3-ED952E291AD5}.Release|Any CPU.ActiveCfg = Release|Any CPU
		{72B801E1-E1BC-415E-B4D3-ED952E291AD5}.Release|Any CPU.Build.0 = Release|Any CPU
	EndGlobalSection
	GlobalSection(SolutionProperties) = preSolution
		HideSolutionNode = FALSE
	EndGlobalSection
	GlobalSection(ExtensibilityGlobals) = postSolution
		SolutionGuid = {75AF3922-3699-40F5-89A1-D6AEE303E7AB}
	EndGlobalSection
EndGlobal
