
Microsoft Visual Studio Solution File, Format Version 12.00
# Visual Studio Version 16
VisualStudioVersion = 16.0.29709.97
MinimumVisualStudioVersion = 10.0.40219.1
Project("{FAE04EC0-301F-11D3-BF4B-00C04F79EFBC}") = "OperatorOverloading", "OperatorOverloading\OperatorOverloading.csproj", "{ED745301-DFDA-4F58-8E67-0DB28632168E}"
EndProject
Global
	GlobalSection(SolutionConfigurationPlatforms) = preSolution
		Debug|Any CPU = Debug|Any CPU
		Release|Any CPU = Release|Any CPU
	EndGlobalSection
	GlobalSection(ProjectConfigurationPlatforms) = postSolution
		{ED745301-DFDA-4F58-8E67-0DB28632168E}.Debug|Any CPU.ActiveCfg = Debug|Any CPU
		{ED745301-DFDA-4F58-8E67-0DB28632168E}.Debug|Any CPU.Build.0 = Debug|Any CPU
		{ED745301-DFDA-4F58-8E67-0DB28632168E}.Release|Any CPU.ActiveCfg = Release|Any CPU
		{ED745301-DFDA-4F58-8E67-0DB28632168E}.Release|Any CPU.Build.0 = Release|Any CPU
	EndGlobalSection
	GlobalSection(SolutionProperties) = preSolution
		HideSolutionNode = FALSE
	EndGlobalSection
	GlobalSection(ExtensibilityGlobals) = postSolution
		SolutionGuid = {F075E28E-A39C-447C-A729-8DEE2BB4C511}
	EndGlobalSection
EndGlobal
