
Microsoft Visual Studio Solution File, Format Version 12.00
# Visual Studio Version 16
VisualStudioVersion = 16.0.29709.97
MinimumVisualStudioVersion = 10.0.40219.1
Project("{FAE04EC0-301F-11D3-BF4B-00C04F79EFBC}") = "IComparableAndIComparer", "IComparableAndIComparer\IComparableAndIComparer.csproj", "{0FB0576B-75BE-4A06-8C09-A155D51443A5}"
EndProject
Global
	GlobalSection(SolutionConfigurationPlatforms) = preSolution
		Debug|Any CPU = Debug|Any CPU
		Release|Any CPU = Release|Any CPU
	EndGlobalSection
	GlobalSection(ProjectConfigurationPlatforms) = postSolution
		{0FB0576B-75BE-4A06-8C09-A155D51443A5}.Debug|Any CPU.ActiveCfg = Debug|Any CPU
		{0FB0576B-75BE-4A06-8C09-A155D51443A5}.Debug|Any CPU.Build.0 = Debug|Any CPU
		{0FB0576B-75BE-4A06-8C09-A155D51443A5}.Release|Any CPU.ActiveCfg = Release|Any CPU
		{0FB0576B-75BE-4A06-8C09-A155D51443A5}.Release|Any CPU.Build.0 = Release|Any CPU
	EndGlobalSection
	GlobalSection(SolutionProperties) = preSolution
		HideSolutionNode = FALSE
	EndGlobalSection
	GlobalSection(ExtensibilityGlobals) = postSolution
		SolutionGuid = {D2FC4608-1257-41BD-8916-7E07A6F1DAB6}
	EndGlobalSection
EndGlobal
