
Microsoft Visual Studio Solution File, Format Version 12.00
# Visual Studio Version 16
VisualStudioVersion = 16.0.29709.97
MinimumVisualStudioVersion = 10.0.40219.1
Project("{FAE04EC0-301F-11D3-BF4B-00C04F79EFBC}") = "Multithreading", "Multithreading\Multithreading.csproj", "{D1EBC29B-298C-4222-9E87-591DAB70893F}"
EndProject
Global
	GlobalSection(SolutionConfigurationPlatforms) = preSolution
		Debug|Any CPU = Debug|Any CPU
		Release|Any CPU = Release|Any CPU
	EndGlobalSection
	GlobalSection(ProjectConfigurationPlatforms) = postSolution
		{D1EBC29B-298C-4222-9E87-591DAB70893F}.Debug|Any CPU.ActiveCfg = Debug|Any CPU
		{D1EBC29B-298C-4222-9E87-591DAB70893F}.Debug|Any CPU.Build.0 = Debug|Any CPU
		{D1EBC29B-298C-4222-9E87-591DAB70893F}.Release|Any CPU.ActiveCfg = Release|Any CPU
		{D1EBC29B-298C-4222-9E87-591DAB70893F}.Release|Any CPU.Build.0 = Release|Any CPU
	EndGlobalSection
	GlobalSection(SolutionProperties) = preSolution
		HideSolutionNode = FALSE
	EndGlobalSection
	GlobalSection(ExtensibilityGlobals) = postSolution
		SolutionGuid = {E528A2C0-0C5F-416A-BE74-937AEB242DDD}
	EndGlobalSection
EndGlobal
