
Microsoft Visual Studio Solution File, Format Version 12.00
# Visual Studio Version 16
VisualStudioVersion = 16.0.29709.97
MinimumVisualStudioVersion = 10.0.40219.1
Project("{FAE04EC0-301F-11D3-BF4B-00C04F79EFBC}") = "QueryParameters", "QueryParameters\QueryParameters.csproj", "{116C4C3F-777C-4ED8-9BA0-5A3951BE4078}"
EndProject
Project("{FAE04EC0-301F-11D3-BF4B-00C04F79EFBC}") = "EmployeeDataAccess", "EmployeeDataAccess\EmployeeDataAccess.csproj", "{E8D2A1C6-9487-4095-8FFC-B343924502F3}"
EndProject
Global
	GlobalSection(SolutionConfigurationPlatforms) = preSolution
		Debug|Any CPU = Debug|Any CPU
		Release|Any CPU = Release|Any CPU
	EndGlobalSection
	GlobalSection(ProjectConfigurationPlatforms) = postSolution
		{116C4C3F-777C-4ED8-9BA0-5A3951BE4078}.Debug|Any CPU.ActiveCfg = Debug|Any CPU
		{116C4C3F-777C-4ED8-9BA0-5A3951BE4078}.Debug|Any CPU.Build.0 = Debug|Any CPU
		{116C4C3F-777C-4ED8-9BA0-5A3951BE4078}.Release|Any CPU.ActiveCfg = Release|Any CPU
		{116C4C3F-777C-4ED8-9BA0-5A3951BE4078}.Release|Any CPU.Build.0 = Release|Any CPU
		{E8D2A1C6-9487-4095-8FFC-B343924502F3}.Debug|Any CPU.ActiveCfg = Debug|Any CPU
		{E8D2A1C6-9487-4095-8FFC-B343924502F3}.Debug|Any CPU.Build.0 = Debug|Any CPU
		{E8D2A1C6-9487-4095-8FFC-B343924502F3}.Release|Any CPU.ActiveCfg = Release|Any CPU
		{E8D2A1C6-9487-4095-8FFC-B343924502F3}.Release|Any CPU.Build.0 = Release|Any CPU
	EndGlobalSection
	GlobalSection(SolutionProperties) = preSolution
		HideSolutionNode = FALSE
	EndGlobalSection
	GlobalSection(ExtensibilityGlobals) = postSolution
		SolutionGuid = {38DB9037-5786-495D-A7A0-1297922C3AD0}
	EndGlobalSection
EndGlobal
