
Microsoft Visual Studio Solution File, Format Version 12.00
# Visual Studio Version 16
VisualStudioVersion = 16.0.29709.97
MinimumVisualStudioVersion = 10.0.40219.1
Project("{FAE04EC0-301F-11D3-BF4B-00C04F79EFBC}") = "LazyEx", "LazyEx\LazyEx.csproj", "{0CC6184D-8E68-4476-BDFA-B71043D03EF0}"
EndProject
Global
	GlobalSection(SolutionConfigurationPlatforms) = preSolution
		Debug|Any CPU = Debug|Any CPU
		Release|Any CPU = Release|Any CPU
	EndGlobalSection
	GlobalSection(ProjectConfigurationPlatforms) = postSolution
		{0CC6184D-8E68-4476-BDFA-B71043D03EF0}.Debug|Any CPU.ActiveCfg = Debug|Any CPU
		{0CC6184D-8E68-4476-BDFA-B71043D03EF0}.Debug|Any CPU.Build.0 = Debug|Any CPU
		{0CC6184D-8E68-4476-BDFA-B71043D03EF0}.Release|Any CPU.ActiveCfg = Release|Any CPU
		{0CC6184D-8E68-4476-BDFA-B71043D03EF0}.Release|Any CPU.Build.0 = Release|Any CPU
	EndGlobalSection
	GlobalSection(SolutionProperties) = preSolution
		HideSolutionNode = FALSE
	EndGlobalSection
	GlobalSection(ExtensibilityGlobals) = postSolution
		SolutionGuid = {B9054029-CFD4-4A2A-B961-2300593804B1}
	EndGlobalSection
EndGlobal
