
Microsoft Visual Studio Solution File, Format Version 12.00
# Visual Studio Version 16
VisualStudioVersion = 16.0.29709.97
MinimumVisualStudioVersion = 10.0.40219.1
Project("{FAE04EC0-301F-11D3-BF4B-00C04F79EFBC}") = "Events", "Events\Events.csproj", "{FCBE449E-BB41-4952-8FC0-5ED2E52F3566}"
EndProject
Global
	GlobalSection(SolutionConfigurationPlatforms) = preSolution
		Debug|Any CPU = Debug|Any CPU
		Release|Any CPU = Release|Any CPU
	EndGlobalSection
	GlobalSection(ProjectConfigurationPlatforms) = postSolution
		{FCBE449E-BB41-4952-8FC0-5ED2E52F3566}.Debug|Any CPU.ActiveCfg = Debug|Any CPU
		{FCBE449E-BB41-4952-8FC0-5ED2E52F3566}.Debug|Any CPU.Build.0 = Debug|Any CPU
		{FCBE449E-BB41-4952-8FC0-5ED2E52F3566}.Release|Any CPU.ActiveCfg = Release|Any CPU
		{FCBE449E-BB41-4952-8FC0-5ED2E52F3566}.Release|Any CPU.Build.0 = Release|Any CPU
	EndGlobalSection
	GlobalSection(SolutionProperties) = preSolution
		HideSolutionNode = FALSE
	EndGlobalSection
	GlobalSection(ExtensibilityGlobals) = postSolution
		SolutionGuid = {AB201D9C-85FE-4F04-9A32-1346AED33009}
	EndGlobalSection
EndGlobal
